
Microsoft Visual Studio Solution File, Format Version 12.00
# Visual Studio Version 17
VisualStudioVersion = 17.5.001.0
MinimumVisualStudioVersion = 10.0.40219.1
Project("{9A19103F-16F7-4668-BE54-9A1E7A4F7556}") = "GasNetwork", "GasNetwork.csproj", "{C5AA4C92-CA4E-4B71-A241-3385DC3AFAD1}"
EndProject
Global
	GlobalSection(SolutionConfigurationPlatforms) = preSolution
		Debug|Any CPU = Debug|Any CPU
		Release|Any CPU = Release|Any CPU
	EndGlobalSection
	GlobalSection(ProjectConfigurationPlatforms) = postSolution
		{C5AA4C92-CA4E-4B71-A241-3385DC3AFAD1}.Debug|Any CPU.ActiveCfg = Debug|Any CPU
		{C5AA4C92-CA4E-4B71-A241-3385DC3AFAD1}.Debug|Any CPU.Build.0 = Debug|Any CPU
		{C5AA4C92-CA4E-4B71-A241-3385DC3AFAD1}.Release|Any CPU.ActiveCfg = Release|Any CPU
		{C5AA4C92-CA4E-4B71-A241-3385DC3AFAD1}.Release|Any CPU.Build.0 = Release|Any CPU
	EndGlobalSection
	GlobalSection(SolutionProperties) = preSolution
		HideSolutionNode = FALSE
	EndGlobalSection
	GlobalSection(ExtensibilityGlobals) = postSolution
		SolutionGuid = {574CE224-AA10-480F-8750-BA27BE7D6C0E}
	EndGlobalSection
EndGlobal
